// !$*UTF8*$!
{
	archiveVersion = 1;
	classes = {
	};
	objectVersion = 48;
	objects = {

/* Begin PBXBuildFile section */
		3A9E6EB51FBEAB5200C11D32 /* AppDelegate.swift in Sources */ = {isa = PBXBuildFile; fileRef = 3A9E6EB41FBEAB5200C11D32 /* AppDelegate.swift */; };
		3A9E6EB71FBEAB5200C11D32 /* ViewController.swift in Sources */ = {isa = PBXBuildFile; fileRef = 3A9E6EB61FBEAB5200C11D32 /* ViewController.swift */; };
		3A9E6EBA1FBEAB5200C11D32 /* Main.storyboard in Resources */ = {isa = PBXBuildFile; fileRef = 3A9E6EB81FBEAB5200C11D32 /* Main.storyboard */; };
		3A9E6EBD1FBEAB5200C11D32 /* HappyBirthday.xcdatamodeld in Sources */ = {isa = PBXBuildFile; fileRef = 3A9E6EBB1FBEAB5200C11D32 /* HappyBirthday.xcdatamodeld */; };
		3A9E6EBF1FBEAB5200C11D32 /* Assets.xcassets in Resources */ = {isa = PBXBuildFile; fileRef = 3A9E6EBE1FBEAB5200C11D32 /* Assets.xcassets */; };
		3A9E6EC21FBEAB5200C11D32 /* LaunchScreen.storyboard in Resources */ = {isa = PBXBuildFile; fileRef = 3A9E6EC01FBEAB5200C11D32 /* LaunchScreen.storyboard */; };
		3A9E6ECD1FBEAB5200C11D32 /* HappyBirthdayTests.swift in Sources */ = {isa = PBXBuildFile; fileRef = 3A9E6ECC1FBEAB5200C11D32 /* HappyBirthdayTests.swift */; };
		3A9E6ED81FBEAB5200C11D32 /* HappyBirthdayUITests.swift in Sources */ = {isa = PBXBuildFile; fileRef = 3A9E6ED71FBEAB5200C11D32 /* HappyBirthdayUITests.swift */; };
		3A9E6EE61FBEAF3D00C11D32 /* Happy-Birthday-Song-In-Hindi.mp3 in Resources */ = {isa = PBXBuildFile; fileRef = 3A9E6EE51FBEAF3D00C11D32 /* Happy-Birthday-Song-In-Hindi.mp3 */; };
		3A9E6EEA1FBEB3F700C11D32 /* bollywood.jpg in Resources */ = {isa = PBXBuildFile; fileRef = 3A9E6EE91FBEB3F700C11D32 /* bollywood.jpg */; };
/* End PBXBuildFile section */

/* Begin PBXContainerItemProxy section */
		3A9E6EC91FBEAB5200C11D32 /* PBXContainerItemProxy */ = {
			isa = PBXContainerItemProxy;
			containerPortal = 3A9E6EA91FBEAB5200C11D32 /* Project object */;
			proxyType = 1;
			remoteGlobalIDString = 3A9E6EB01FBEAB5200C11D32;
			remoteInfo = HappyBirthday;
		};
		3A9E6ED41FBEAB5200C11D32 /* PBXContainerItemProxy */ = {
			isa = PBXContainerItemProxy;
			containerPortal = 3A9E6EA91FBEAB5200C11D32 /* Project object */;
			proxyType = 1;
			remoteGlobalIDString = 3A9E6EB01FBEAB5200C11D32;
			remoteInfo = HappyBirthday;
		};
/* End PBXContainerItemProxy section */

/* Begin PBXFileReference section */
		3A9E6EB11FBEAB5200C11D32 /* HappyBirthday.app */ = {isa = PBXFileReference; explicitFileType = wrapper.application; includeInIndex = 0; path = HappyBirthday.app; sourceTree = BUILT_PRODUCTS_DIR; };
		3A9E6EB41FBEAB5200C11D32 /* AppDelegate.swift */ = {isa = PBXFileReference; lastKnownFileType = sourcecode.swift; path = AppDelegate.swift; sourceTree = "<group>"; };
		3A9E6EB61FBEAB5200C11D32 /* ViewController.swift */ = {isa = PBXFileReference; lastKnownFileType = sourcecode.swift; path = ViewController.swift; sourceTree = "<group>"; };
		3A9E6EB91FBEAB5200C11D32 /* Base */ = {isa = PBXFileReference; lastKnownFileType = file.storyboard; name = Base; path = Base.lproj/Main.storyboard; sourceTree = "<group>"; };
		3A9E6EBC1FBEAB5200C11D32 /* HappyBirthday.xcdatamodel */ = {isa = PBXFileReference; lastKnownFileType = wrapper.xcdatamodel; path = HappyBirthday.xcdatamodel; sourceTree = "<group>"; };
		3A9E6EBE1FBEAB5200C11D32 /* Assets.xcassets */ = {isa = PBXFileReference; lastKnownFileType = folder.assetcatalog; path = Assets.xcassets; sourceTree = "<group>"; };
		3A9E6EC11FBEAB5200C11D32 /* Base */ = {isa = PBXFileReference; lastKnownFileType = file.storyboard; name = Base; path = Base.lproj/LaunchScreen.storyboard; sourceTree = "<group>"; };
		3A9E6EC31FBEAB5200C11D32 /* Info.plist */ = {isa = PBXFileReference; lastKnownFileType = text.plist.xml; path = Info.plist; sourceTree = "<group>"; };
		3A9E6EC81FBEAB5200C11D32 /* HappyBirthdayTests.xctest */ = {isa = PBXFileReference; explicitFileType = wrapper.cfbundle; includeInIndex = 0; path = HappyBirthdayTests.xctest; sourceTree = BUILT_PRODUCTS_DIR; };
		3A9E6ECC1FBEAB5200C11D32 /* HappyBirthdayTests.swift */ = {isa = PBXFileReference; lastKnownFileType = sourcecode.swift; path = HappyBirthdayTests.swift; sourceTree = "<group>"; };
		3A9E6ECE1FBEAB5200C11D32 /* Info.plist */ = {isa = PBXFileReference; lastKnownFileType = text.plist.xml; path = Info.plist; sourceTree = "<group>"; };
		3A9E6ED31FBEAB5200C11D32 /* HappyBirthdayUITests.xctest */ = {isa = PBXFileReference; explicitFileType = wrapper.cfbundle; includeInIndex = 0; path = HappyBirthdayUITests.xctest; sourceTree = BUILT_PRODUCTS_DIR; };
		3A9E6ED71FBEAB5200C11D32 /* HappyBirthdayUITests.swift */ = {isa = PBXFileReference; lastKnownFileType = sourcecode.swift; path = HappyBirthdayUITests.swift; sourceTree = "<group>"; };
		3A9E6ED91FBEAB5200C11D32 /* Info.plist */ = {isa = PBXFileReference; lastKnownFileType = text.plist.xml; path = Info.plist; sourceTree = "<group>"; };
		3A9E6EE51FBEAF3D00C11D32 /* Happy-Birthday-Song-In-Hindi.mp3 */ = {isa = PBXFileReference; lastKnownFileType = audio.mp3; name = "Happy-Birthday-Song-In-Hindi.mp3"; path = "../../../../Downloads/Happy-Birthday-Song-In-Hindi.mp3"; sourceTree = "<group>"; };
		3A9E6EE91FBEB3F700C11D32 /* bollywood.jpg */ = {isa = PBXFileReference; lastKnownFileType = image.jpeg; name = bollywood.jpg; path = ../../../../Downloads/bollywood.jpg; sourceTree = "<group>"; };
/* End PBXFileReference section */

/* Begin PBXFrameworksBuildPhase section */
		3A9E6EAE1FBEAB5200C11D32 /* Frameworks */ = {
			isa = PBXFrameworksBuildPhase;
			buildActionMask = 2147483647;
			files = (
			);
			runOnlyForDeploymentPostprocessing = 0;
		};
		3A9E6EC51FBEAB5200C11D32 /* Frameworks */ = {
			isa = PBXFrameworksBuildPhase;
			buildActionMask = 2147483647;
			files = (
			);
			runOnlyForDeploymentPostprocessing = 0;
		};
		3A9E6ED01FBEAB5200C11D32 /* Frameworks */ = {
			isa = PBXFrameworksBuildPhase;
			buildActionMask = 2147483647;
			files = (
			);
			runOnlyForDeploymentPostprocessing = 0;
		};
/* End PBXFrameworksBuildPhase section */

/* Begin PBXGroup section */
		3A9E6EA81FBEAB5200C11D32 = {
			isa = PBXGroup;
			children = (
				3A9E6EB31FBEAB5200C11D32 /* HappyBirthday */,
				3A9E6ECB1FBEAB5200C11D32 /* HappyBirthdayTests */,
				3A9E6ED61FBEAB5200C11D32 /* HappyBirthdayUITests */,
				3A9E6EB21FBEAB5200C11D32 /* Products */,
			);
			sourceTree = "<group>";
		};
		3A9E6EB21FBEAB5200C11D32 /* Products */ = {
			isa = PBXGroup;
			children = (
				3A9E6EB11FBEAB5200C11D32 /* HappyBirthday.app */,
				3A9E6EC81FBEAB5200C11D32 /* HappyBirthdayTests.xctest */,
				3A9E6ED31FBEAB5200C11D32 /* HappyBirthdayUITests.xctest */,
			);
			name = Products;
			sourceTree = "<group>";
		};
		3A9E6EB31FBEAB5200C11D32 /* HappyBirthday */ = {
			isa = PBXGroup;
			children = (
				3A9E6EE51FBEAF3D00C11D32 /* Happy-Birthday-Song-In-Hindi.mp3 */,
				3A9E6EE91FBEB3F700C11D32 /* bollywood.jpg */,
				3A9E6EB41FBEAB5200C11D32 /* AppDelegate.swift */,
				3A9E6EB61FBEAB5200C11D32 /* ViewController.swift */,
				3A9E6EB81FBEAB5200C11D32 /* Main.storyboard */,
				3A9E6EBE1FBEAB5200C11D32 /* Assets.xcassets */,
				3A9E6EC01FBEAB5200C11D32 /* LaunchScreen.storyboard */,
				3A9E6EC31FBEAB5200C11D32 /* Info.plist */,
				3A9E6EBB1FBEAB5200C11D32 /* HappyBirthday.xcdatamodeld */,
			);
			path = HappyBirthday;
			sourceTree = "<group>";
		};
		3A9E6ECB1FBEAB5200C11D32 /* HappyBirthdayTests */ = {
			isa = PBXGroup;
			children = (
				3A9E6ECC1FBEAB5200C11D32 /* HappyBirthdayTests.swift */,
				3A9E6ECE1FBEAB5200C11D32 /* Info.plist */,
			);
			path = HappyBirthdayTests;
			sourceTree = "<group>";
		};
		3A9E6ED61FBEAB5200C11D32 /* HappyBirthdayUITests */ = {
			isa = PBXGroup;
			children = (
				3A9E6ED71FBEAB5200C11D32 /* HappyBirthdayUITests.swift */,
				3A9E6ED91FBEAB5200C11D32 /* Info.plist */,
			);
			path = HappyBirthdayUITests;
			sourceTree = "<group>";
		};
/* End PBXGroup section */

/* Begin PBXNativeTarget section */
		3A9E6EB01FBEAB5200C11D32 /* HappyBirthday */ = {
			isa = PBXNativeTarget;
			buildConfigurationList = 3A9E6EDC1FBEAB5200C11D32 /* Build configuration list for PBXNativeTarget "HappyBirthday" */;
			buildPhases = (
				3A9E6EAD1FBEAB5200C11D32 /* Sources */,
				3A9E6EAE1FBEAB5200C11D32 /* Frameworks */,
				3A9E6EAF1FBEAB5200C11D32 /* Resources */,
			);
			buildRules = (
			);
			dependencies = (
			);
			name = HappyBirthday;
			productName = HappyBirthday;
			productReference = 3A9E6EB11FBEAB5200C11D32 /* HappyBirthday.app */;
			productType = "com.apple.product-type.application";
		};
		3A9E6EC71FBEAB5200C11D32 /* HappyBirthdayTests */ = {
			isa = PBXNativeTarget;
			buildConfigurationList = 3A9E6EDF1FBEAB5200C11D32 /* Build configuration list for PBXNativeTarget "HappyBirthdayTests" */;
			buildPhases = (
				3A9E6EC41FBEAB5200C11D32 /* Sources */,
				3A9E6EC51FBEAB5200C11D32 /* Frameworks */,
				3A9E6EC61FBEAB5200C11D32 /* Resources */,
			);
			buildRules = (
			);
			dependencies = (
				3A9E6ECA1FBEAB5200C11D32 /* PBXTargetDependency */,
			);
			name = HappyBirthdayTests;
			productName = HappyBirthdayTests;
			productReference = 3A9E6EC81FBEAB5200C11D32 /* HappyBirthdayTests.xctest */;
			productType = "com.apple.product-type.bundle.unit-test";
		};
		3A9E6ED21FBEAB5200C11D32 /* HappyBirthdayUITests */ = {
			isa = PBXNativeTarget;
			buildConfigurationList = 3A9E6EE21FBEAB5200C11D32 /* Build configuration list for PBXNativeTarget "HappyBirthdayUITests" */;
			buildPhases = (
				3A9E6ECF1FBEAB5200C11D32 /* Sources */,
				3A9E6ED01FBEAB5200C11D32 /* Frameworks */,
				3A9E6ED11FBEAB5200C11D32 /* Resources */,
			);
			buildRules = (
			);
			dependencies = (
				3A9E6ED51FBEAB5200C11D32 /* PBXTargetDependency */,
			);
			name = HappyBirthdayUITests;
			productName = HappyBirthdayUITests;
			productReference = 3A9E6ED31FBEAB5200C11D32 /* HappyBirthdayUITests.xctest */;
			productType = "com.apple.product-type.bundle.ui-testing";
		};
/* End PBXNativeTarget section */

/* Begin PBXProject section */
		3A9E6EA91FBEAB5200C11D32 /* Project object */ = {
			isa = PBXProject;
			attributes = {
				LastSwiftUpdateCheck = 0910;
				LastUpgradeCheck = 0910;
				ORGANIZATIONNAME = Anton;
				TargetAttributes = {
					3A9E6EB01FBEAB5200C11D32 = {
						CreatedOnToolsVersion = 9.1;
						ProvisioningStyle = Automatic;
					};
					3A9E6EC71FBEAB5200C11D32 = {
						CreatedOnToolsVersion = 9.1;
						ProvisioningStyle = Automatic;
						TestTargetID = 3A9E6EB01FBEAB5200C11D32;
					};
					3A9E6ED21FBEAB5200C11D32 = {
						CreatedOnToolsVersion = 9.1;
						ProvisioningStyle = Automatic;
						TestTargetID = 3A9E6EB01FBEAB5200C11D32;
					};
				};
			};
			buildConfigurationList = 3A9E6EAC1FBEAB5200C11D32 /* Build configuration list for PBXProject "HappyBirthday" */;
			compatibilityVersion = "Xcode 8.0";
			developmentRegion = en;
			hasScannedForEncodings = 0;
			knownRegions = (
				en,
				Base,
			);
			mainGroup = 3A9E6EA81FBEAB5200C11D32;
			productRefGroup = 3A9E6EB21FBEAB5200C11D32 /* Products */;
			projectDirPath = "";
			projectRoot = "";
			targets = (
				3A9E6EB01FBEAB5200C11D32 /* HappyBirthday */,
				3A9E6EC71FBEAB5200C11D32 /* HappyBirthdayTests */,
				3A9E6ED21FBEAB5200C11D32 /* HappyBirthdayUITests */,
			);
		};
/* End PBXProject section */

/* Begin PBXResourcesBuildPhase section */
		3A9E6EAF1FBEAB5200C11D32 /* Resources */ = {
			isa = PBXResourcesBuildPhase;
			buildActionMask = 2147483647;
			files = (
				3A9E6EC21FBEAB5200C11D32 /* LaunchScreen.storyboard in Resources */,
				3A9E6EBF1FBEAB5200C11D32 /* Assets.xcassets in Resources */,
				3A9E6EE61FBEAF3D00C11D32 /* Happy-Birthday-Song-In-Hindi.mp3 in Resources */,
				3A9E6EEA1FBEB3F700C11D32 /* bollywood.jpg in Resources */,
				3A9E6EBA1FBEAB5200C11D32 /* Main.storyboard in Resources */,
			);
			runOnlyForDeploymentPostprocessing = 0;
		};
		3A9E6EC61FBEAB5200C11D32 /* Resources */ = {
			isa = PBXResourcesBuildPhase;
			buildActionMask = 2147483647;
			files = (
			);
			runOnlyForDeploymentPostprocessing = 0;
		};
		3A9E6ED11FBEAB5200C11D32 /* Resources */ = {
			isa = PBXResourcesBuildPhase;
			buildActionMask = 2147483647;
			files = (
			);
			runOnlyForDeploymentPostprocessing = 0;
		};
/* End PBXResourcesBuildPhase section */

/* Begin PBXSourcesBuildPhase section */
		3A9E6EAD1FBEAB5200C11D32 /* Sources */ = {
			isa = PBXSourcesBuildPhase;
			buildActionMask = 2147483647;
			files = (
				3A9E6EBD1FBEAB5200C11D32 /* HappyBirthday.xcdatamodeld in Sources */,
				3A9E6EB71FBEAB5200C11D32 /* ViewController.swift in Sources */,
				3A9E6EB51FBEAB5200C11D32 /* AppDelegate.swift in Sources */,
			);
			runOnlyForDeploymentPostprocessing = 0;
		};
		3A9E6EC41FBEAB5200C11D32 /* Sources */ = {
			isa = PBXSourcesBuildPhase;
			buildActionMask = 2147483647;
			files = (
				3A9E6ECD1FBEAB5200C11D32 /* HappyBirthdayTests.swift in Sources */,
			);
			runOnlyForDeploymentPostprocessing = 0;
		};
		3A9E6ECF1FBEAB5200C11D32 /* Sources */ = {
			isa = PBXSourcesBuildPhase;
			buildActionMask = 2147483647;
			files = (
				3A9E6ED81FBEAB5200C11D32 /* HappyBirthdayUITests.swift in Sources */,
			);
			runOnlyForDeploymentPostprocessing = 0;
		};
/* End PBXSourcesBuildPhase section */

/* Begin PBXTargetDependency section */
		3A9E6ECA1FBEAB5200C11D32 /* PBXTargetDependency */ = {
			isa = PBXTargetDependency;
			target = 3A9E6EB01FBEAB5200C11D32 /* HappyBirthday */;
			targetProxy = 3A9E6EC91FBEAB5200C11D32 /* PBXContainerItemProxy */;
		};
		3A9E6ED51FBEAB5200C11D32 /* PBXTargetDependency */ = {
			isa = PBXTargetDependency;
			target = 3A9E6EB01FBEAB5200C11D32 /* HappyBirthday */;
			targetProxy = 3A9E6ED41FBEAB5200C11D32 /* PBXContainerItemProxy */;
		};
/* End PBXTargetDependency section */

/* Begin PBXVariantGroup section */
		3A9E6EB81FBEAB5200C11D32 /* Main.storyboard */ = {
			isa = PBXVariantGroup;
			children = (
				3A9E6EB91FBEAB5200C11D32 /* Base */,
			);
			name = Main.storyboard;
			sourceTree = "<group>";
		};
		3A9E6EC01FBEAB5200C11D32 /* LaunchScreen.storyboard */ = {
			isa = PBXVariantGroup;
			children = (
				3A9E6EC11FBEAB5200C11D32 /* Base */,
			);
			name = LaunchScreen.storyboard;
			sourceTree = "<group>";
		};
/* End PBXVariantGroup section */

/* Begin XCBuildConfiguration section */
		3A9E6EDA1FBEAB5200C11D32 /* Debug */ = {
			isa = XCBuildConfiguration;
			buildSettings = {
				ALWAYS_SEARCH_USER_PATHS = NO;
				CLANG_ANALYZER_NONNULL = YES;
				CLANG_ANALYZER_NUMBER_OBJECT_CONVERSION = YES_AGGRESSIVE;
				CLANG_CXX_LANGUAGE_STANDARD = "gnu++14";
				CLANG_CXX_LIBRARY = "libc++";
				CLANG_ENABLE_MODULES = YES;
				CLANG_ENABLE_OBJC_ARC = YES;
				CLANG_WARN_BLOCK_CAPTURE_AUTORELEASING = YES;
				CLANG_WARN_BOOL_CONVERSION = YES;
				CLANG_WARN_COMMA = YES;
				CLANG_WARN_CONSTANT_CONVERSION = YES;
				CLANG_WARN_DIRECT_OBJC_ISA_USAGE = YES_ERROR;
				CLANG_WARN_DOCUMENTATION_COMMENTS = YES;
				CLANG_WARN_EMPTY_BODY = YES;
				CLANG_WARN_ENUM_CONVERSION = YES;
				CLANG_WARN_INFINITE_RECURSION = YES;
				CLANG_WARN_INT_CONVERSION = YES;
				CLANG_WARN_NON_LITERAL_NULL_CONVERSION = YES;
				CLANG_WARN_OBJC_LITERAL_CONVERSION = YES;
				CLANG_WARN_OBJC_ROOT_CLASS = YES_ERROR;
				CLANG_WARN_RANGE_LOOP_ANALYSIS = YES;
				CLANG_WARN_STRICT_PROTOTYPES = YES;
				CLANG_WARN_SUSPICIOUS_MOVE = YES;
				CLANG_WARN_UNGUARDED_AVAILABILITY = YES_AGGRESSIVE;
				CLANG_WARN_UNREACHABLE_CODE = YES;
				CLANG_WARN__DUPLICATE_METHOD_MATCH = YES;
				CODE_SIGN_IDENTITY = "iPhone Developer";
				COPY_PHASE_STRIP = NO;
				DEBUG_INFORMATION_FORMAT = dwarf;
				ENABLE_STRICT_OBJC_MSGSEND = YES;
				ENABLE_TESTABILITY = YES;
				GCC_C_LANGUAGE_STANDARD = gnu11;
				GCC_DYNAMIC_NO_PIC = NO;
				GCC_NO_COMMON_BLOCKS = YES;
				GCC_OPTIMIZATION_LEVEL = 0;
				GCC_PREPROCESSOR_DEFINITIONS = (
					"DEBUG=1",
					"$(inherited)",
				);
				GCC_WARN_64_TO_32_BIT_CONVERSION = YES;
				GCC_WARN_ABOUT_RETURN_TYPE = YES_ERROR;
				GCC_WARN_UNDECLARED_SELECTOR = YES;
				GCC_WARN_UNINITIALIZED_AUTOS = YES_AGGRESSIVE;
				GCC_WARN_UNUSED_FUNCTION = YES;
				GCC_WARN_UNUSED_VARIABLE = YES;
				IPHONEOS_DEPLOYMENT_TARGET = 11.1;
				MTL_ENABLE_DEBUG_INFO = YES;
				ONLY_ACTIVE_ARCH = YES;
				SDKROOT = iphoneos;
				SWIFT_ACTIVE_COMPILATION_CONDITIONS = DEBUG;
				SWIFT_OPTIMIZATION_LEVEL = "-Onone";
			};
			name = Debug;
		};
		3A9E6EDB1FBEAB5200C11D32 /* Release */ = {
			isa = XCBuildConfiguration;
			buildSettings = {
				ALWAYS_SEARCH_USER_PATHS = NO;
				CLANG_ANALYZER_NONNULL = YES;
				CLANG_ANALYZER_NUMBER_OBJECT_CONVERSION = YES_AGGRESSIVE;
				CLANG_CXX_LANGUAGE_STANDARD = "gnu++14";
				CLANG_CXX_LIBRARY = "libc++";
				CLANG_ENABLE_MODULES = YES;
				CLANG_ENABLE_OBJC_ARC = YES;
				CLANG_WARN_BLOCK_CAPTURE_AUTORELEASING = YES;
				CLANG_WARN_BOOL_CONVERSION = YES;
				CLANG_WARN_COMMA = YES;
				CLANG_WARN_CONSTANT_CONVERSION = YES;
				CLANG_WARN_DIRECT_OBJC_ISA_USAGE = YES_ERROR;
				CLANG_WARN_DOCUMENTATION_COMMENTS = YES;
				CLANG_WARN_EMPTY_BODY = YES;
				CLANG_WARN_ENUM_CONVERSION = YES;
				CLANG_WARN_INFINITE_RECURSION = YES;
				CLANG_WARN_INT_CONVERSION = YES;
				CLANG_WARN_NON_LITERAL_NULL_CONVERSION = YES;
				CLANG_WARN_OBJC_LITERAL_CONVERSION = YES;
				CLANG_WARN_OBJC_ROOT_CLASS = YES_ERROR;
				CLANG_WARN_RANGE_LOOP_ANALYSIS = YES;
				CLANG_WARN_STRICT_PROTOTYPES = YES;
				CLANG_WARN_SUSPICIOUS_MOVE = YES;
				CLANG_WARN_UNGUARDED_AVAILABILITY = YES_AGGRESSIVE;
				CLANG_WARN_UNREACHABLE_CODE = YES;
				CLANG_WARN__DUPLICATE_METHOD_MATCH = YES;
				CODE_SIGN_IDENTITY = "iPhone Developer";
				COPY_PHASE_STRIP = NO;
				DEBUG_INFORMATION_FORMAT = "dwarf-with-dsym";
				ENABLE_NS_ASSERTIONS = NO;
				ENABLE_STRICT_OBJC_MSGSEND = YES;
				GCC_C_LANGUAGE_STANDARD = gnu11;
				GCC_NO_COMMON_BLOCKS = YES;
				GCC_WARN_64_TO_32_BIT_CONVERSION = YES;
				GCC_WARN_ABOUT_RETURN_TYPE = YES_ERROR;
				GCC_WARN_UNDECLARED_SELECTOR = YES;
				GCC_WARN_UNINITIALIZED_AUTOS = YES_AGGRESSIVE;
				GCC_WARN_UNUSED_FUNCTION = YES;
				GCC_WARN_UNUSED_VARIABLE = YES;
				IPHONEOS_DEPLOYMENT_TARGET = 11.1;
				MTL_ENABLE_DEBUG_INFO = NO;
				SDKROOT = iphoneos;
				SWIFT_OPTIMIZATION_LEVEL = "-Owholemodule";
				VALIDATE_PRODUCT = YES;
			};
			name = Release;
		};
		3A9E6EDD1FBEAB5200C11D32 /* Debug */ = {
			isa = XCBuildConfiguration;
			buildSettings = {
				ASSETCATALOG_COMPILER_APPICON_NAME = AppIcon;
				CODE_SIGN_STYLE = Automatic;
				INFOPLIST_FILE = HappyBirthday/Info.plist;
				LD_RUNPATH_SEARCH_PATHS = "$(inherited) @executable_path/Frameworks";
				PRODUCT_BUNDLE_IDENTIFIER = Anton.HappyBirthday;
				PRODUCT_NAME = "$(TARGET_NAME)";
				SWIFT_VERSION = 4.0;
				TARGETED_DEVICE_FAMILY = "1,2";
			};
			name = Debug;
		};
		3A9E6EDE1FBEAB5200C11D32 /* Release */ = {
			isa = XCBuildConfiguration;
			buildSettings = {
				ASSETCATALOG_COMPILER_APPICON_NAME = AppIcon;
				CODE_SIGN_STYLE = Automatic;
				INFOPLIST_FILE = HappyBirthday/Info.plist;
				LD_RUNPATH_SEARCH_PATHS = "$(inherited) @executable_path/Frameworks";
				PRODUCT_BUNDLE_IDENTIFIER = Anton.HappyBirthday;
				PRODUCT_NAME = "$(TARGET_NAME)";
				SWIFT_VERSION = 4.0;
				TARGETED_DEVICE_FAMILY = "1,2";
			};
			name = Release;
		};
		3A9E6EE01FBEAB5200C11D32 /* Debug */ = {
			isa = XCBuildConfiguration;
			buildSettings = {
				ALWAYS_EMBED_SWIFT_STANDARD_LIBRARIES = YES;
				BUNDLE_LOADER = "$(TEST_HOST)";
				CODE_SIGN_STYLE = Automatic;
				INFOPLIST_FILE = HappyBirthdayTests/Info.plist;
				LD_RUNPATH_SEARCH_PATHS = "$(inherited) @executable_path/Frameworks @loader_path/Frameworks";
				PRODUCT_BUNDLE_IDENTIFIER = Anton.HappyBirthdayTests;
				PRODUCT_NAME = "$(TARGET_NAME)";
				SWIFT_VERSION = 4.0;
				TARGETED_DEVICE_FAMILY = "1,2";
				TEST_HOST = "$(BUILT_PRODUCTS_DIR)/HappyBirthday.app/HappyBirthday";
			};
			name = Debug;
		};
		3A9E6EE11FBEAB5200C11D32 /* Release */ = {
			isa = XCBuildConfiguration;
			buildSettings = {
				ALWAYS_EMBED_SWIFT_STANDARD_LIBRARIES = YES;
				BUNDLE_LOADER = "$(TEST_HOST)";
				CODE_SIGN_STYLE = Automatic;
				INFOPLIST_FILE = HappyBirthdayTests/Info.plist;
				LD_RUNPATH_SEARCH_PATHS = "$(inherited) @executable_path/Frameworks @loader_path/Frameworks";
				PRODUCT_BUNDLE_IDENTIFIER = Anton.HappyBirthdayTests;
				PRODUCT_NAME = "$(TARGET_NAME)";
				SWIFT_VERSION = 4.0;
				TARGETED_DEVICE_FAMILY = "1,2";
				TEST_HOST = "$(BUILT_PRODUCTS_DIR)/HappyBirthday.app/HappyBirthday";
			};
			name = Release;
		};
		3A9E6EE31FBEAB5200C11D32 /* Debug */ = {
			isa = XCBuildConfiguration;
			buildSettings = {
				ALWAYS_EMBED_SWIFT_STANDARD_LIBRARIES = YES;
				CODE_SIGN_STYLE = Automatic;
				INFOPLIST_FILE = HappyBirthdayUITests/Info.plist;
				LD_RUNPATH_SEARCH_PATHS = "$(inherited) @executable_path/Frameworks @loader_path/Frameworks";
				PRODUCT_BUNDLE_IDENTIFIER = Anton.HappyBirthdayUITests;
				PRODUCT_NAME = "$(TARGET_NAME)";
				SWIFT_VERSION = 4.0;
				TARGETED_DEVICE_FAMILY = "1,2";
				TEST_TARGET_NAME = HappyBirthday;
			};
			name = Debug;
		};
		3A9E6EE41FBEAB5200C11D32 /* Release */ = {
			isa = XCBuildConfiguration;
			buildSettings = {
				ALWAYS_EMBED_SWIFT_STANDARD_LIBRARIES = YES;
				CODE_SIGN_STYLE = Automatic;
				INFOPLIST_FILE = HappyBirthdayUITests/Info.plist;
				LD_RUNPATH_SEARCH_PATHS = "$(inherited) @executable_path/Frameworks @loader_path/Frameworks";
				PRODUCT_BUNDLE_IDENTIFIER = Anton.HappyBirthdayUITests;
				PRODUCT_NAME = "$(TARGET_NAME)";
				SWIFT_VERSION = 4.0;
				TARGETED_DEVICE_FAMILY = "1,2";
				TEST_TARGET_NAME = HappyBirthday;
			};
			name = Release;
		};
/* End XCBuildConfiguration section */

/* Begin XCConfigurationList section */
		3A9E6EAC1FBEAB5200C11D32 /* Build configuration list for PBXProject "HappyBirthday" */ = {
			isa = XCConfigurationList;
			buildConfigurations = (
				3A9E6EDA1FBEAB5200C11D32 /* Debug */,
				3A9E6EDB1FBEAB5200C11D32 /* Release */,
			);
			defaultConfigurationIsVisible = 0;
			defaultConfigurationName = Release;
		};
		3A9E6EDC1FBEAB5200C11D32 /* Build configuration list for PBXNativeTarget "HappyBirthday" */ = {
			isa = XCConfigurationList;
			buildConfigurations = (
				3A9E6EDD1FBEAB5200C11D32 /* Debug */,
				3A9E6EDE1FBEAB5200C11D32 /* Release */,
			);
			defaultConfigurationIsVisible = 0;
			defaultConfigurationName = Release;
		};
		3A9E6EDF1FBEAB5200C11D32 /* Build configuration list for PBXNativeTarget "HappyBirthdayTests" */ = {
			isa = XCConfigurationList;
			buildConfigurations = (
				3A9E6EE01FBEAB5200C11D32 /* Debug */,
				3A9E6EE11FBEAB5200C11D32 /* Release */,
			);
			defaultConfigurationIsVisible = 0;
			defaultConfigurationName = Release;
		};
		3A9E6EE21FBEAB5200C11D32 /* Build configuration list for PBXNativeTarget "HappyBirthdayUITests" */ = {
			isa = XCConfigurationList;
			buildConfigurations = (
				3A9E6EE31FBEAB5200C11D32 /* Debug */,
				3A9E6EE41FBEAB5200C11D32 /* Release */,
			);
			defaultConfigurationIsVisible = 0;
			defaultConfigurationName = Release;
		};
/* End XCConfigurationList section */

/* Begin XCVersionGroup section */
		3A9E6EBB1FBEAB5200C11D32 /* HappyBirthday.xcdatamodeld */ = {
			isa = XCVersionGroup;
			children = (
				3A9E6EBC1FBEAB5200C11D32 /* HappyBirthday.xcdatamodel */,
			);
			currentVersion = 3A9E6EBC1FBEAB5200C11D32 /* HappyBirthday.xcdatamodel */;
			path = HappyBirthday.xcdatamodeld;
			sourceTree = "<group>";
			versionGroupType = wrapper.xcdatamodel;
		};
/* End XCVersionGroup section */
	};
	rootObject = 3A9E6EA91FBEAB5200C11D32 /* Project object */;
}
